{
  "name": "claude-builders-bounty",
  "version": "0.1.0",
  "lockfileVersion": 3,
  "requires": true,
  "packages": {
    "": {
      "name": "claude-builders-bounty",
      "version": "0.1.0",
      "license": "MIT",
      "bin": {
        "claude-review": "bin/claude-review.js"
      },
      "engines": {
        "node": ">=20"
      }
    }
  }
}
